
Microsoft Visual Studio Solution File, Format Version 12.00
# Visual Studio Version 17
VisualStudioVersion = 17.9.34701.34
MinimumVisualStudioVersion = 10.0.40219.1
Project("{FAE04EC0-301F-11D3-BF4B-00C04F79EFBC}") = "Pronia", "Pronia\Pronia.csproj", "{2E5D4AF0-7C68-4CA8-9DCF-69AF9DEDF15F}"
EndProject
Global
	GlobalSection(SolutionConfigurationPlatforms) = preSolution
		Debug|Any CPU = Debug|Any CPU
		Release|Any CPU = Release|Any CPU
	EndGlobalSection
	GlobalSection(ProjectConfigurationPlatforms) = postSolution
		{2E5D4AF0-7C68-4CA8-9DCF-69AF9DEDF15F}.Debug|Any CPU.ActiveCfg = Debug|Any CPU
		{2E5D4AF0-7C68-4CA8-9DCF-69AF9DEDF15F}.Debug|Any CPU.Build.0 = Debug|Any CPU
		{2E5D4AF0-7C68-4CA8-9DCF-69AF9DEDF15F}.Release|Any CPU.ActiveCfg = Release|Any CPU
		{2E5D4AF0-7C68-4CA8-9DCF-69AF9DEDF15F}.Release|Any CPU.Build.0 = Release|Any CPU
	EndGlobalSection
	GlobalSection(SolutionProperties) = preSolution
		HideSolutionNode = FALSE
	EndGlobalSection
	GlobalSection(ExtensibilityGlobals) = postSolution
		SolutionGuid = {3531C25A-95DF-483E-89C4-2A63C0807BD8}
	EndGlobalSection
EndGlobal
